Microsoft Visual Studio Solution File, Format Version 12.00
# Visual Studio Version 17
VisualStudioVersion = 17.5.2.0
MinimumVisualStudioVersion = 10.0.40219.1
Project("{FAE04EC0-301F-11D3-BF4B-00C04F79EFBC}") = "MusicDiscoveryAPI", "MusicDiscoveryAPI.csproj", "{4EDD0002-C73B-C328-D207-748D9211959C}"
EndProject
Global
	GlobalSection(SolutionConfigurationPlatforms) = preSolution
		Debug|Any CPU = Debug|Any CPU
		Release|Any CPU = Release|Any CPU
	EndGlobalSection
	GlobalSection(ProjectConfigurationPlatforms) = postSolution
		{4EDD0002-C73B-C328-D207-748D9211959C}.Debug|Any CPU.ActiveCfg = Debug|Any CPU
		{4EDD0002-C73B-C328-D207-748D9211959C}.Debug|Any CPU.Build.0 = Debug|Any CPU
		{4EDD0002-C73B-C328-D207-748D9211959C}.Release|Any CPU.ActiveCfg = Release|Any CPU
		{4EDD0002-C73B-C328-D207-748D9211959C}.Release|Any CPU.Build.0 = Release|Any CPU
	EndGlobalSection
	GlobalSection(SolutionProperties) = preSolution
		HideSolutionNode = FALSE
	EndGlobalSection
	GlobalSection(ExtensibilityGlobals) = postSolution
		SolutionGuid = {AD96621E-E68B-4CAA-B41F-89CA6F6374C2}
	EndGlobalSection
EndGlobal
